
Microsoft Visual Studio Solution File, Format Version 12.00
# Visual Studio Version 17
VisualStudioVersion = 17.1.32414.318
MinimumVisualStudioVersion = 10.0.40219.1
Project("{FAE04EC0-301F-11D3-BF4B-00C04F79EFBC}") = "TDDPractice", "TDDPractice\TDDPractice.csproj", "{0C7021EE-0E76-4B7C-907F-2D581AA2D376}"
EndProject
Global
	GlobalSection(SolutionConfigurationPlatforms) = preSolution
		Debug|Any CPU = Debug|Any CPU
		Release|Any CPU = Release|Any CPU
	EndGlobalSection
	GlobalSection(ProjectConfigurationPlatforms) = postSolution
		{0C7021EE-0E76-4B7C-907F-2D581AA2D376}.Debug|Any CPU.ActiveCfg = Debug|Any CPU
		{0C7021EE-0E76-4B7C-907F-2D581AA2D376}.Debug|Any CPU.Build.0 = Debug|Any CPU
		{0C7021EE-0E76-4B7C-907F-2D581AA2D376}.Release|Any CPU.ActiveCfg = Release|Any CPU
		{0C7021EE-0E76-4B7C-907F-2D581AA2D376}.Release|Any CPU.Build.0 = Release|Any CPU
	EndGlobalSection
	GlobalSection(SolutionProperties) = preSolution
		HideSolutionNode = FALSE
	EndGlobalSection
	GlobalSection(ExtensibilityGlobals) = postSolution
		SolutionGuid = {DF031806-918B-4B91-9AC2-E26398D0E912}
	EndGlobalSection
EndGlobal
